# THIS IS AN AUTOGENERATED FILE. DO NOT EDIT THIS FILE DIRECTLY.
# yarn lockfile v1


"@types/estree@*":
  version "0.0.39"
  resolved "https://deagxartifactory.sickcn.net:443/artifactory/api/npm/npm/@types/estree/-/estree-0.0.39.tgz#e177e699ee1b8c22d23174caaa7422644389509f"
  integrity sha1-4Xfmme4bjCLSMXTKqnQiZEOJUJ8=

"@types/node@*":
  version "12.12.9"
  resolved "https://deagxartifactory.sickcn.net:443/artifactory/api/npm/npm/@types/node/-/node-12.12.9.tgz#0b5ae05516b757cbff2e82c04500190aef986c7b"
  integrity sha1-C1rgVRa3V8v/LoLARQAZCu+YbHs=

"@types/resolve@0.0.8":
  version "0.0.8"
  resolved "https://deagxartifactory.sickcn.net:443/artifactory/api/npm/npm/@types/resolve/-/resolve-0.0.8.tgz#f26074d238e02659e323ce1a13d041eee280e194"
  integrity sha1-8mB00jjgJlnjI84aE9BB7uKA4ZQ=
  dependencies:
    "@types/node" "*"

acorn@^7.1.0:
  version "7.1.0"
  resolved "https://deagxartifactory.sickcn.net:443/artifactory/api/npm/npm/acorn/-/acorn-7.1.0.tgz#949d36f2c292535da602283586c2477c57eb2d6c"
  integrity sha1-lJ028sKSU12mAig1hsJHfFfrLWw=

builtin-modules@^3.1.0:
  version "3.1.0"
  resolved "https://deagxartifactory.sickcn.net:443/artifactory/api/npm/npm/builtin-modules/-/builtin-modules-3.1.0.tgz#aad97c15131eb76b65b50ef208e7584cd76a7484"
  integrity sha1-qtl8FRMet2tltQ7yCOdYTNdqdIQ=

debug@2.6.9:
  version "2.6.9"
  resolved "https://deagxartifactory.sickcn.net:443/artifactory/api/npm/npm/debug/-/debug-2.6.9.tgz#5d128515df134ff327e90a4c93f4e077a536341f"
  integrity sha1-XRKFFd8TT/Mn6QpMk/Tgd6U2NB8=
  dependencies:
    ms "2.0.0"

depd@~1.1.2:
  version "1.1.2"
  resolved "https://deagxartifactory.sickcn.net:443/artifactory/api/npm/npm/depd/-/depd-1.1.2.tgz#9bcd52e14c097763e749b274c4346ed2e560b5a9"
  integrity sha1-m81S4UwJd2PnSbJ0xDRu0uVgtak=

destroy@~1.0.4:
  version "1.0.4"
  resolved "https://deagxartifactory.sickcn.net:443/artifactory/api/npm/npm/destroy/-/destroy-1.0.4.tgz#978857442c44749e4206613e37946205826abd80"
  integrity sha1-l4hXRCxEdJ5CBmE+N5RiBYJqvYA=

ee-first@1.1.1:
  version "1.1.1"
  resolved "https://deagxartifactory.sickcn.net:443/artifactory/api/npm/npm/ee-first/-/ee-first-1.1.1.tgz#590c61156b0ae2f4f0255732a158b266bc56b21d"
  integrity sha1-WQxhFWsK4vTwJVcyoViyZrxWsh0=

encodeurl@~1.0.2:
  version "1.0.2"
  resolved "https://deagxartifactory.sickcn.net:443/artifactory/api/npm/npm/encodeurl/-/encodeurl-1.0.2.tgz#ad3ff4c86ec2d029322f5a02c3a9a606c95b3f59"
  integrity sha1-rT/0yG7C0CkyL1oCw6mmBslbP1k=

escape-html@~1.0.3:
  version "1.0.3"
  resolved "https://deagxartifactory.sickcn.net:443/artifactory/api/npm/npm/escape-html/-/escape-html-1.0.3.tgz#0258eae4d3d0c0974de1c169188ef0051d1d1988"
  integrity sha1-Aljq5NPQwJdN4cFpGI7wBR0dGYg=

estree-walker@^0.6.1:
  version "0.6.1"
  resolved "https://deagxartifactory.sickcn.net:443/artifactory/api/npm/npm/estree-walker/-/estree-walker-0.6.1.tgz#53049143f40c6eb918b23671d1fe3219f3a1b362"
  integrity sha1-UwSRQ/QMbrkYsjZx0f4yGfOhs2I=

etag@~1.8.1:
  version "1.8.1"
  resolved "https://deagxartifactory.sickcn.net:443/artifactory/api/npm/npm/etag/-/etag-1.8.1.tgz#41ae2eeb65efa62268aebfea83ac7d79299b0887"
  integrity sha1-Qa4u62XvpiJorr/qg6x9eSmbCIc=

fresh@0.5.2:
  version "0.5.2"
  resolved "https://deagxartifactory.sickcn.net:443/artifactory/api/npm/npm/fresh/-/fresh-0.5.2.tgz#3d8cadd90d976569fa835ab1f8e4b23a105605a7"
  integrity sha1-PYyt2Q2XZWn6g1qx+OSyOhBWBac=

http-errors@~1.6.2:
  version "1.6.3"
  resolved "https://deagxartifactory.sickcn.net:443/artifactory/api/npm/npm/http-errors/-/http-errors-1.6.3.tgz#8b55680bb4be283a0b5bf4ea2e38580be1d9320d"
  integrity sha1-i1VoC7S+KDoLW/TqLjhYC+HZMg0=
  dependencies:
    depd "~1.1.2"
    inherits "2.0.3"
    setprototypeof "1.1.0"
    statuses ">= 1.4.0 < 2"

http-static@0.1.1:
  version "0.1.1"
  resolved "https://deagxartifactory.sickcn.net:443/artifactory/api/npm/npm/http-static/-/http-static-0.1.1.tgz#cf4ae43313729795416888fcefdaa1799fb43e9e"
  integrity sha1-z0rkMxNyl5VBaIj879qheZ+0Pp4=
  dependencies:
    send "^0.16.2"

inherits@2.0.3:
  version "2.0.3"
  resolved "https://deagxartifactory.sickcn.net:443/artifactory/api/npm/npm/inherits/-/inherits-2.0.3.tgz#633c2c83e3da42a502f52466022480f4208261de"
  integrity sha1-Yzwsg+PaQqUC9SRmAiSA9CCCYd4=

is-module@^1.0.0:
  version "1.0.0"
  resolved "https://deagxartifactory.sickcn.net:443/artifactory/api/npm/npm/is-module/-/is-module-1.0.0.tgz#3258fb69f78c14d5b815d664336b4cffb6441591"
  integrity sha1-Mlj7afeMFNW4FdZkM2tM/7ZEFZE=

lit-element@^2.2.1:
  version "2.2.1"
  resolved "https://deagxartifactory.sickcn.net:443/artifactory/api/npm/npm/lit-element/-/lit-element-2.2.1.tgz#79c94d8cfdc2d73b245656e37991bd1e4811d96f"
  integrity sha1-eclNjP3C1zskVlbjeZG9HkgR2W8=
  dependencies:
    lit-html "^1.0.0"

lit-html@^1.0.0:
  version "1.1.2"
  resolved "https://deagxartifactory.sickcn.net:443/artifactory/api/npm/npm/lit-html/-/lit-html-1.1.2.tgz#2e3560a7075210243649c888ad738eaf0daa8374"
  integrity sha1-LjVgpwdSECQ2SciIrXOOrw2qg3Q=

mime@1.4.1:
  version "1.4.1"
  resolved "https://deagxartifactory.sickcn.net:443/artifactory/api/npm/npm/mime/-/mime-1.4.1.tgz#121f9ebc49e3766f311a76e1fa1c8003c4b03aa6"
  integrity sha1-Eh+evEnjdm8xGnbh+hyAA8SwOqY=

ms@2.0.0:
  version "2.0.0"
  resolved "https://deagxartifactory.sickcn.net:443/artifactory/api/npm/npm/ms/-/ms-2.0.0.tgz#5608aeadfc00be6c2901df5f9861788de0d597c8"
  integrity sha1-VgiurfwAvmwpAd9fmGF4jeDVl8g=

on-finished@~2.3.0:
  version "2.3.0"
  resolved "https://deagxartifactory.sickcn.net:443/artifactory/api/npm/npm/on-finished/-/on-finished-2.3.0.tgz#20f1336481b083cd75337992a16971aa2d906947"
  integrity sha1-IPEzZIGwg811M3mSoWlxqi2QaUc=
  dependencies:
    ee-first "1.1.1"

path-parse@^1.0.6:
  version "1.0.6"
  resolved "https://deagxartifactory.sickcn.net:443/artifactory/api/npm/npm/path-parse/-/path-parse-1.0.6.tgz#d62dbb5679405d72c4737ec58600e9ddcf06d24c"
  integrity sha1-1i27VnlAXXLEc37FhgDp3c8G0kw=

range-parser@~1.2.0:
  version "1.2.1"
  resolved "https://deagxartifactory.sickcn.net:443/artifactory/api/npm/npm/range-parser/-/range-parser-1.2.1.tgz#3cf37023d199e1c24d1a55b84800c2f3e6468031"
  integrity sha1-PPNwI9GZ4cJNGlW4SADC8+ZGgDE=

resolve@^1.10.0, resolve@^1.11.1:
  version "1.12.0"
  resolved "https://deagxartifactory.sickcn.net:443/artifactory/api/npm/npm/resolve/-/resolve-1.12.0.tgz#3fc644a35c84a48554609ff26ec52b66fa577df6"
  integrity sha1-P8ZEo1yEpIVUYJ/ybsUrZvpXffY=
  dependencies:
    path-parse "^1.0.6"

rollup-plugin-node-resolve@^5.2.0:
  version "5.2.0"
  resolved "https://deagxartifactory.sickcn.net:443/artifactory/api/npm/npm/rollup-plugin-node-resolve/-/rollup-plugin-node-resolve-5.2.0.tgz#730f93d10ed202473b1fb54a5997a7db8c6d8523"
  integrity sha1-cw+T0Q7SAkc7H7VKWZen24xthSM=
  dependencies:
    "@types/resolve" "0.0.8"
    builtin-modules "^3.1.0"
    is-module "^1.0.0"
    resolve "^1.11.1"
    rollup-pluginutils "^2.8.1"

rollup-plugin-typescript@^1.0.1:
  version "1.0.1"
  resolved "https://deagxartifactory.sickcn.net:443/artifactory/api/npm/npm/rollup-plugin-typescript/-/rollup-plugin-typescript-1.0.1.tgz#86565033b714c3d1f3aba510aad3dc519f7091e9"
  integrity sha1-hlZQM7cUw9Hzq6UQqtPcUZ9wkek=
  dependencies:
    resolve "^1.10.0"
    rollup-pluginutils "^2.5.0"

rollup-pluginutils@^2.5.0, rollup-pluginutils@^2.8.1:
  version "2.8.2"
  resolved "https://deagxartifactory.sickcn.net:443/artifactory/api/npm/npm/rollup-pluginutils/-/rollup-pluginutils-2.8.2.tgz#72f2af0748b592364dbd3389e600e5a9444a351e"
  integrity sha1-cvKvB0i1kjZNvTOJ5gDlqURKNR4=
  dependencies:
    estree-walker "^0.6.1"

rollup@^1.27.2:
  version "1.27.2"
  resolved "https://deagxartifactory.sickcn.net:443/artifactory/api/npm/npm/rollup/-/rollup-1.27.2.tgz#caf54a93df228bf7864f13dddcdb363d3e958509"
  integrity sha1-yvVKk98ii/eGTxPd3Ns2PT6VhQk=
  dependencies:
    "@types/estree" "*"
    "@types/node" "*"
    acorn "^7.1.0"

send@^0.16.2:
  version "0.16.2"
  resolved "https://deagxartifactory.sickcn.net:443/artifactory/api/npm/npm/send/-/send-0.16.2.tgz#6ecca1e0f8c156d141597559848df64730a6bbc1"
  integrity sha1-bsyh4PjBVtFBWXVZhI32RzCmu8E=
  dependencies:
    debug "2.6.9"
    depd "~1.1.2"
    destroy "~1.0.4"
    encodeurl "~1.0.2"
    escape-html "~1.0.3"
    etag "~1.8.1"
    fresh "0.5.2"
    http-errors "~1.6.2"
    mime "1.4.1"
    ms "2.0.0"
    on-finished "~2.3.0"
    range-parser "~1.2.0"
    statuses "~1.4.0"

setprototypeof@1.1.0:
  version "1.1.0"
  resolved "https://deagxartifactory.sickcn.net:443/artifactory/api/npm/npm/setprototypeof/-/setprototypeof-1.1.0.tgz#d0bd85536887b6fe7c0d818cb962d9d91c54e656"
  integrity sha1-0L2FU2iHtv58DYGMuWLZ2RxU5lY=

"statuses@>= 1.4.0 < 2":
  version "1.5.0"
  resolved "https://deagxartifactory.sickcn.net:443/artifactory/api/npm/npm/statuses/-/statuses-1.5.0.tgz#161c7dac177659fd9811f43771fa99381478628c"
  integrity sha1-Fhx9rBd2Wf2YEfQ3cfqZOBR4Yow=

statuses@~1.4.0:
  version "1.4.0"
  resolved "https://deagxartifactory.sickcn.net:443/artifactory/api/npm/npm/statuses/-/statuses-1.4.0.tgz#bb73d446da2796106efcc1b601a253d6c46bd087"
  integrity sha1-u3PURtonlhBu/MG2AaJT1sRr0Ic=

tslib@^1.10.0:
  version "1.10.0"
  resolved "https://deagxartifactory.sickcn.net:443/artifactory/api/npm/npm/tslib/-/tslib-1.10.0.tgz#c3c19f95973fb0a62973fb09d90d961ee43e5c8a"
  integrity sha1-w8GflZc/sKYpc/sJ2Q2WHuQ+XIo=

typescript@^3.8.0-dev.20191119:
  version "3.8.0-dev.20191119"
  resolved "https://deagxartifactory.sickcn.net:443/artifactory/api/npm/npm/typescript/-/typescript-3.8.0-dev.20191119.tgz#faf2c9977793f5338841ad6c710c2348b4a81b43"
  integrity sha1-+vLJl3eT9TOIQa1scQwjSLSoG0M=
